{
  "name": "index",
  "version": "1.0.0",
  "lockfileVersion": 2,
  "requires": true,
  "packages": {
    "": {
      "name": "index",
      "version": "1.0.0",
      "license": "ISC",
      "dependencies": {
        "@serverless-devs/dk": "latest"
      }
    },
    "node_modules/@serverless-devs/dk": {
      "version": "0.0.4-alpha.0",
      "resolved": "https://registry.npmjs.org/@serverless-devs/dk/-/dk-0.0.4-alpha.0.tgz",
      "integrity": "sha512-oMVkEpIQLvzh2Jp4PxL+LkCje4Nwdc0+PPJ8O0baF1VCfZiFDpedluhvEPK+WqBbkVWZtC1VsteA45HNUqbjSg==",
      "dependencies": {
        "@serverless-devs/dk-core": "^0.0.3-alpha.1",
        "@serverless-devs/http-form-body-parser": "^0.0.3-alpha.5",
        "@serverless-devs/http-json-body-parser": "^0.0.3-alpha.5",
        "@serverless-devs/http-response-parser": "^0.0.3-alpha.8",
        "@serverless-devs/http-route-parser": "^0.0.3-alpha.5",
        "fs-extra": "^10.0.0",
        "js-yaml": "^4.1.0"
      }
    },
    "node_modules/@serverless-devs/dk-core": {
      "version": "0.0.3-alpha.1",
      "resolved": "https://registry.npmjs.org/@serverless-devs/dk-core/-/dk-core-0.0.3-alpha.1.tgz",
      "integrity": "sha512-fscUUa8aJ6wIcvsUSwrmKj2JHv/CDuAfz5Vx2zwpRg3VBM70AXxhPqkBmSw7iSvF6ry1Kx48rNcLhTqFQyl4lg==",
      "dependencies": {
        "@serverless-devs/dk-util": "^0.0.3-alpha.1",
        "body": "^5.1.0"
      }
    },
    "node_modules/@serverless-devs/dk-util": {
      "version": "0.0.3-alpha.1",
      "resolved": "https://registry.npmjs.org/@serverless-devs/dk-util/-/dk-util-0.0.3-alpha.1.tgz",
      "integrity": "sha512-s3SFVCqd9H9HO3XpF2S4nLkcaq4LQ1iaP29PbHcsk+nPAq9gdKT6BtCesqTTSAzIocFX2zHlbu55AydZjLpALg=="
    },
    "node_modules/@serverless-devs/http-form-body-parser": {
      "version": "0.0.3-alpha.5",
      "resolved": "https://registry.npmjs.org/@serverless-devs/http-form-body-parser/-/http-form-body-parser-0.0.3-alpha.5.tgz",
      "integrity": "sha512-XkyWPU7F07yhHGlWGFYhHxwHbMrG2zAiII5xX2SXf+OEHfeINz7I4tdRBhKRO1h7YqvCmYwINt48rQDDkyUxtw==",
      "dependencies": {
        "@serverless-devs/http-json-body-parser": "^0.0.3-alpha.5",
        "qs": "^6.10.1"
      }
    },
    "node_modules/@serverless-devs/http-json-body-parser": {
      "version": "0.0.3-alpha.5",
      "resolved": "https://registry.npmjs.org/@serverless-devs/http-json-body-parser/-/http-json-body-parser-0.0.3-alpha.5.tgz",
      "integrity": "sha512-/kaNk1bwFlveEXTmTbt4nlXSxEru9+VApgx/6CWRkI6MeT2kOhs6l08mTx3YuEWGyJOPzgNMGAqTSyY7MNc1cQ==",
      "dependencies": {
        "http-errors": "^1.8.0"
      }
    },
    "node_modules/@serverless-devs/http-response-parser": {
      "version": "0.0.3-alpha.8",
      "resolved": "https://registry.npmjs.org/@serverless-devs/http-response-parser/-/http-response-parser-0.0.3-alpha.8.tgz",
      "integrity": "sha512-iIY7sVbwcWBJfgZGLdGoyALXhrW9aiZkrvWwQhHc/PjVbLW7OIBzGtrkGzAKi4Efbn/GZm+LtJoafQZRZcD70g=="
    },
    "node_modules/@serverless-devs/http-route-parser": {
      "version": "0.0.3-alpha.5",
      "resolved": "https://registry.npmjs.org/@serverless-devs/http-route-parser/-/http-route-parser-0.0.3-alpha.5.tgz",
      "integrity": "sha512-bzqXtpcewM08go9CxIx7CkCw3tsIOtBEsKMSNdhj4nzQ9pPkIYCQcCySVqnUyx6DY97VfcPHUTMrkPNLfIv4jw==",
      "dependencies": {
        "@serverless-devs/http-json-body-parser": "^0.0.3-alpha.5",
        "path-to-regexp": "^6.2.0"
      }
    },
    "node_modules/argparse": {
      "version": "2.0.1",
      "resolved": "https://registry.npmjs.org/argparse/-/argparse-2.0.1.tgz",
      "integrity": "sha512-8+9WqebbFzpX9OR+Wa6O29asIogeRMzcGtAINdpMHHyAg10f05aSFVBbcEqGf/PXw1EjAZ+q2/bEBg3DvurK3Q=="
    },
    "node_modules/body": {
      "version": "5.1.0",
      "resolved": "https://registry.npmjs.org/body/-/body-5.1.0.tgz",
      "integrity": "sha1-5LoM5BCkaTYyM2dgnstOZVMSUGk=",
      "dependencies": {
        "continuable-cache": "^0.3.1",
        "error": "^7.0.0",
        "raw-body": "~1.1.0",
        "safe-json-parse": "~1.0.1"
      }
    },
    "node_modules/bytes": {
      "version": "1.0.0",
      "resolved": "https://registry.npmjs.org/bytes/-/bytes-1.0.0.tgz",
      "integrity": "sha1-NWnt6Lo0MV+rmcPpLLBMciDeH6g="
    },
    "node_modules/call-bind": {
      "version": "1.0.2",
      "resolved": "https://registry.npmjs.org/call-bind/-/call-bind-1.0.2.tgz",
      "integrity": "sha512-7O+FbCihrB5WGbFYesctwmTKae6rOiIzmz1icreWJ+0aA7LJfuqhEso2T9ncpcFtzMQtzXf2QGGueWJGTYsqrA==",
      "dependencies": {
        "function-bind": "^1.1.1",
        "get-intrinsic": "^1.0.2"
      },
      "funding": {
        "url": "https://github.com/sponsors/ljharb"
      }
    },
    "node_modules/continuable-cache": {
      "version": "0.3.1",
      "resolved": "https://registry.npmjs.org/continuable-cache/-/continuable-cache-0.3.1.tgz",
      "integrity": "sha1-vXJ6f67XfnH/OYWskzUakSczrQ8="
    },
    "node_modules/depd": {
      "version": "1.1.2",
      "resolved": "https://registry.npmjs.org/depd/-/depd-1.1.2.tgz",
      "integrity": "sha1-m81S4UwJd2PnSbJ0xDRu0uVgtak=",
      "engines": {
        "node": ">= 0.6"
      }
    },
    "node_modules/error": {
      "version": "7.2.1",
      "resolved": "https://registry.npmjs.org/error/-/error-7.2.1.tgz",
      "integrity": "sha512-fo9HBvWnx3NGUKMvMwB/CBCMMrfEJgbDTVDEkPygA3Bdd3lM1OyCd+rbQ8BwnpF6GdVeOLDNmyL4N5Bg80ZvdA==",
      "dependencies": {
        "string-template": "~0.2.1"
      }
    },
    "node_modules/fs-extra": {
      "version": "10.0.0",
      "resolved": "https://registry.npmjs.org/fs-extra/-/fs-extra-10.0.0.tgz",
      "integrity": "sha512-C5owb14u9eJwizKGdchcDUQeFtlSHHthBk8pbX9Vc1PFZrLombudjDnNns88aYslCyF6IY5SUw3Roz6xShcEIQ==",
      "dependencies": {
        "graceful-fs": "^4.2.0",
        "jsonfile": "^6.0.1",
        "universalify": "^2.0.0"
      },
      "engines": {
        "node": ">=12"
      }
    },
    "node_modules/function-bind": {
      "version": "1.1.1",
      "resolved": "https://registry.npmjs.org/function-bind/-/function-bind-1.1.1.tgz",
      "integrity": "sha512-yIovAzMX49sF8Yl58fSCWJ5svSLuaibPxXQJFLmBObTuCr0Mf1KiPopGM9NiFjiYBCbfaa2Fh6breQ6ANVTI0A=="
    },
    "node_modules/get-intrinsic": {
      "version": "1.1.1",
      "resolved": "https://registry.npmjs.org/get-intrinsic/-/get-intrinsic-1.1.1.tgz",
      "integrity": "sha512-kWZrnVM42QCiEA2Ig1bG8zjoIMOgxWwYCEeNdwY6Tv/cOSeGpcoX4pXHfKUxNKVoArnrEr2e9srnAxxGIraS9Q==",
      "dependencies": {
        "function-bind": "^1.1.1",
        "has": "^1.0.3",
        "has-symbols": "^1.0.1"
      },
      "funding": {
        "url": "https://github.com/sponsors/ljharb"
      }
    },
    "node_modules/graceful-fs": {
      "version": "4.2.6",
      "resolved": "https://registry.npmjs.org/graceful-fs/-/graceful-fs-4.2.6.tgz",
      "integrity": "sha512-nTnJ528pbqxYanhpDYsi4Rd8MAeaBA67+RZ10CM1m3bTAVFEDcd5AuA4a6W5YkGZ1iNXHzZz8T6TBKLeBuNriQ=="
    },
    "node_modules/has": {
      "version": "1.0.3",
      "resolved": "https://registry.npmjs.org/has/-/has-1.0.3.tgz",
      "integrity": "sha512-f2dvO0VU6Oej7RkWJGrehjbzMAjFp5/VKPp5tTpWIV4JHHZK1/BxbFRtf/siA2SWTe09caDmVtYYzWEIbBS4zw==",
      "dependencies": {
        "function-bind": "^1.1.1"
      },
      "engines": {
        "node": ">= 0.4.0"
      }
    },
    "node_modules/has-symbols": {
      "version": "1.0.2",
      "resolved": "https://registry.npmjs.org/has-symbols/-/has-symbols-1.0.2.tgz",
      "integrity": "sha512-chXa79rL/UC2KlX17jo3vRGz0azaWEx5tGqZg5pO3NUyEJVB17dMruQlzCCOfUvElghKcm5194+BCRvi2Rv/Gw==",
      "engines": {
        "node": ">= 0.4"
      },
      "funding": {
        "url": "https://github.com/sponsors/ljharb"
      }
    },
    "node_modules/http-errors": {
      "version": "1.8.0",
      "resolved": "https://registry.npmjs.org/http-errors/-/http-errors-1.8.0.tgz",
      "integrity": "sha512-4I8r0C5JDhT5VkvI47QktDW75rNlGVsUf/8hzjCC/wkWI/jdTRmBb9aI7erSG82r1bjKY3F6k28WnsVxB1C73A==",
      "dependencies": {
        "depd": "~1.1.2",
        "inherits": "2.0.4",
        "setprototypeof": "1.2.0",
        "statuses": ">= 1.5.0 < 2",
        "toidentifier": "1.0.0"
      },
      "engines": {
        "node": ">= 0.6"
      }
    },
    "node_modules/inherits": {
      "version": "2.0.4",
      "resolved": "https://registry.npmjs.org/inherits/-/inherits-2.0.4.tgz",
      "integrity": "sha512-k/vGaX4/Yla3WzyMCvTQOXYeIHvqOKtnqBduzTHpzpQZzAskKMhZ2K+EnBiSM9zGSoIFeMpXKxa4dYeZIQqewQ=="
    },
    "node_modules/js-yaml": {
      "version": "4.1.0",
      "resolved": "https://registry.npmjs.org/js-yaml/-/js-yaml-4.1.0.tgz",
      "integrity": "sha512-wpxZs9NoxZaJESJGIZTyDEaYpl0FKSA+FB9aJiyemKhMwkxQg63h4T1KJgUGHpTqPDNRcmmYLugrRjJlBtWvRA==",
      "dependencies": {
        "argparse": "^2.0.1"
      },
      "bin": {
        "js-yaml": "bin/js-yaml.js"
      }
    },
    "node_modules/jsonfile": {
      "version": "6.1.0",
      "resolved": "https://registry.npmjs.org/jsonfile/-/jsonfile-6.1.0.tgz",
      "integrity": "sha512-5dgndWOriYSm5cnYaJNhalLNDKOqFwyDB/rr1E9ZsGciGvKPs8R2xYGCacuf3z6K1YKDz182fd+fY3cn3pMqXQ==",
      "dependencies": {
        "universalify": "^2.0.0"
      },
      "optionalDependencies": {
        "graceful-fs": "^4.1.6"
      }
    },
    "node_modules/object-inspect": {
      "version": "1.10.3",
      "resolved": "https://registry.npmjs.org/object-inspect/-/object-inspect-1.10.3.tgz",
      "integrity": "sha512-e5mCJlSH7poANfC8z8S9s9S2IN5/4Zb3aZ33f5s8YqoazCFzNLloLU8r5VCG+G7WoqLvAAZoVMcy3tp/3X0Plw==",
      "funding": {
        "url": "https://github.com/sponsors/ljharb"
      }
    },
    "node_modules/path-to-regexp": {
      "version": "6.2.0",
      "resolved": "https://registry.npmjs.org/path-to-regexp/-/path-to-regexp-6.2.0.tgz",
      "integrity": "sha512-f66KywYG6+43afgE/8j/GoiNyygk/bnoCbps++3ErRKsIYkGGupyv07R2Ok5m9i67Iqc+T2g1eAUGUPzWhYTyg=="
    },
    "node_modules/qs": {
      "version": "6.10.1",
      "resolved": "https://registry.npmjs.org/qs/-/qs-6.10.1.tgz",
      "integrity": "sha512-M528Hph6wsSVOBiYUnGf+K/7w0hNshs/duGsNXPUCLH5XAqjEtiPGwNONLV0tBH8NoGb0mvD5JubnUTrujKDTg==",
      "dependencies": {
        "side-channel": "^1.0.4"
      },
      "engines": {
        "node": ">=0.6"
      },
      "funding": {
        "url": "https://github.com/sponsors/ljharb"
      }
    },
    "node_modules/raw-body": {
      "version": "1.1.7",
      "resolved": "https://registry.npmjs.org/raw-body/-/raw-body-1.1.7.tgz",
      "integrity": "sha1-HQJ8K/oRasxmI7yo8AAWVyqH1CU=",
      "dependencies": {
        "bytes": "1",
        "string_decoder": "0.10"
      },
      "engines": {
        "node": ">= 0.8.0"
      }
    },
    "node_modules/safe-json-parse": {
      "version": "1.0.1",
      "resolved": "https://registry.npmjs.org/safe-json-parse/-/safe-json-parse-1.0.1.tgz",
      "integrity": "sha1-PnZyPjjf3aE8mx0poeB//uSzC1c="
    },
    "node_modules/setprototypeof": {
      "version": "1.2.0",
      "resolved": "https://registry.npmjs.org/setprototypeof/-/setprototypeof-1.2.0.tgz",
      "integrity": "sha512-E5LDX7Wrp85Kil5bhZv46j8jOeboKq5JMmYM3gVGdGH8xFpPWXUMsNrlODCrkoxMEeNi/XZIwuRvY4XNwYMJpw=="
    },
    "node_modules/side-channel": {
      "version": "1.0.4",
      "resolved": "https://registry.npmjs.org/side-channel/-/side-channel-1.0.4.tgz",
      "integrity": "sha512-q5XPytqFEIKHkGdiMIrY10mvLRvnQh42/+GoBlFW3b2LXLE2xxJpZFdm94we0BaoV3RwJyGqg5wS7epxTv0Zvw==",
      "dependencies": {
        "call-bind": "^1.0.0",
        "get-intrinsic": "^1.0.2",
        "object-inspect": "^1.9.0"
      },
      "funding": {
        "url": "https://github.com/sponsors/ljharb"
      }
    },
    "node_modules/statuses": {
      "version": "1.5.0",
      "resolved": "https://registry.npmjs.org/statuses/-/statuses-1.5.0.tgz",
      "integrity": "sha1-Fhx9rBd2Wf2YEfQ3cfqZOBR4Yow=",
      "engines": {
        "node": ">= 0.6"
      }
    },
    "node_modules/string_decoder": {
      "version": "0.10.31",
      "resolved": "https://registry.npmjs.org/string_decoder/-/string_decoder-0.10.31.tgz",
      "integrity": "sha1-YuIDvEF2bGwoyfyEMB2rHFMQ+pQ="
    },
    "node_modules/string-template": {
      "version": "0.2.1",
      "resolved": "https://registry.npmjs.org/string-template/-/string-template-0.2.1.tgz",
      "integrity": "sha1-QpMuWYo1LQH8IuwzZ9nYTuxsmt0="
    },
    "node_modules/toidentifier": {
      "version": "1.0.0",
      "resolved": "https://registry.npmjs.org/toidentifier/-/toidentifier-1.0.0.tgz",
      "integrity": "sha512-yaOH/Pk/VEhBWWTlhI+qXxDFXlejDGcQipMlyxda9nthulaxLZUNcUqFxokp0vcYnvteJln5FNQDRrxj3YcbVw==",
      "engines": {
        "node": ">=0.6"
      }
    },
    "node_modules/universalify": {
      "version": "2.0.0",
      "resolved": "https://registry.npmjs.org/universalify/-/universalify-2.0.0.tgz",
      "integrity": "sha512-hAZsKq7Yy11Zu1DE0OzWjw7nnLZmJZYTDZZyEFHZdUhV8FkH5MCfoU1XMaxXovpyW5nq5scPqq0ZDP9Zyl04oQ==",
      "engines": {
        "node": ">= 10.0.0"
      }
    }
  },
  "dependencies": {
    "@serverless-devs/dk": {
      "version": "0.0.4-alpha.0",
      "resolved": "https://registry.npmjs.org/@serverless-devs/dk/-/dk-0.0.4-alpha.0.tgz",
      "integrity": "sha512-oMVkEpIQLvzh2Jp4PxL+LkCje4Nwdc0+PPJ8O0baF1VCfZiFDpedluhvEPK+WqBbkVWZtC1VsteA45HNUqbjSg==",
      "requires": {
        "@serverless-devs/dk-core": "^0.0.3-alpha.1",
        "@serverless-devs/http-form-body-parser": "^0.0.3-alpha.5",
        "@serverless-devs/http-json-body-parser": "^0.0.3-alpha.5",
        "@serverless-devs/http-response-parser": "^0.0.3-alpha.8",
        "@serverless-devs/http-route-parser": "^0.0.3-alpha.5",
        "fs-extra": "^10.0.0",
        "js-yaml": "^4.1.0"
      }
    },
    "@serverless-devs/dk-core": {
      "version": "0.0.3-alpha.1",
      "resolved": "https://registry.npmjs.org/@serverless-devs/dk-core/-/dk-core-0.0.3-alpha.1.tgz",
      "integrity": "sha512-fscUUa8aJ6wIcvsUSwrmKj2JHv/CDuAfz5Vx2zwpRg3VBM70AXxhPqkBmSw7iSvF6ry1Kx48rNcLhTqFQyl4lg==",
      "requires": {
        "@serverless-devs/dk-util": "^0.0.3-alpha.1",
        "body": "^5.1.0"
      }
    },
    "@serverless-devs/dk-util": {
      "version": "0.0.3-alpha.1",
      "resolved": "https://registry.npmjs.org/@serverless-devs/dk-util/-/dk-util-0.0.3-alpha.1.tgz",
      "integrity": "sha512-s3SFVCqd9H9HO3XpF2S4nLkcaq4LQ1iaP29PbHcsk+nPAq9gdKT6BtCesqTTSAzIocFX2zHlbu55AydZjLpALg=="
    },
    "@serverless-devs/http-form-body-parser": {
      "version": "0.0.3-alpha.5",
      "resolved": "https://registry.npmjs.org/@serverless-devs/http-form-body-parser/-/http-form-body-parser-0.0.3-alpha.5.tgz",
      "integrity": "sha512-XkyWPU7F07yhHGlWGFYhHxwHbMrG2zAiII5xX2SXf+OEHfeINz7I4tdRBhKRO1h7YqvCmYwINt48rQDDkyUxtw==",
      "requires": {
        "@serverless-devs/http-json-body-parser": "^0.0.3-alpha.5",
        "qs": "^6.10.1"
      }
    },
    "@serverless-devs/http-json-body-parser": {
      "version": "0.0.3-alpha.5",
      "resolved": "https://registry.npmjs.org/@serverless-devs/http-json-body-parser/-/http-json-body-parser-0.0.3-alpha.5.tgz",
      "integrity": "sha512-/kaNk1bwFlveEXTmTbt4nlXSxEru9+VApgx/6CWRkI6MeT2kOhs6l08mTx3YuEWGyJOPzgNMGAqTSyY7MNc1cQ==",
      "requires": {
        "http-errors": "^1.8.0"
      }
    },
    "@serverless-devs/http-response-parser": {
      "version": "0.0.3-alpha.8",
      "resolved": "https://registry.npmjs.org/@serverless-devs/http-response-parser/-/http-response-parser-0.0.3-alpha.8.tgz",
      "integrity": "sha512-iIY7sVbwcWBJfgZGLdGoyALXhrW9aiZkrvWwQhHc/PjVbLW7OIBzGtrkGzAKi4Efbn/GZm+LtJoafQZRZcD70g=="
    },
    "@serverless-devs/http-route-parser": {
      "version": "0.0.3-alpha.5",
      "resolved": "https://registry.npmjs.org/@serverless-devs/http-route-parser/-/http-route-parser-0.0.3-alpha.5.tgz",
      "integrity": "sha512-bzqXtpcewM08go9CxIx7CkCw3tsIOtBEsKMSNdhj4nzQ9pPkIYCQcCySVqnUyx6DY97VfcPHUTMrkPNLfIv4jw==",
      "requires": {
        "@serverless-devs/http-json-body-parser": "^0.0.3-alpha.5",
        "path-to-regexp": "^6.2.0"
      }
    },
    "argparse": {
      "version": "2.0.1",
      "resolved": "https://registry.npmjs.org/argparse/-/argparse-2.0.1.tgz",
      "integrity": "sha512-8+9WqebbFzpX9OR+Wa6O29asIogeRMzcGtAINdpMHHyAg10f05aSFVBbcEqGf/PXw1EjAZ+q2/bEBg3DvurK3Q=="
    },
    "body": {
      "version": "5.1.0",
      "resolved": "https://registry.npmjs.org/body/-/body-5.1.0.tgz",
      "integrity": "sha1-5LoM5BCkaTYyM2dgnstOZVMSUGk=",
      "requires": {
        "continuable-cache": "^0.3.1",
        "error": "^7.0.0",
        "raw-body": "~1.1.0",
        "safe-json-parse": "~1.0.1"
      }
    },
    "bytes": {
      "version": "1.0.0",
      "resolved": "https://registry.npmjs.org/bytes/-/bytes-1.0.0.tgz",
      "integrity": "sha1-NWnt6Lo0MV+rmcPpLLBMciDeH6g="
    },
    "call-bind": {
      "version": "1.0.2",
      "resolved": "https://registry.npmjs.org/call-bind/-/call-bind-1.0.2.tgz",
      "integrity": "sha512-7O+FbCihrB5WGbFYesctwmTKae6rOiIzmz1icreWJ+0aA7LJfuqhEso2T9ncpcFtzMQtzXf2QGGueWJGTYsqrA==",
      "requires": {
        "function-bind": "^1.1.1",
        "get-intrinsic": "^1.0.2"
      }
    },
    "continuable-cache": {
      "version": "0.3.1",
      "resolved": "https://registry.npmjs.org/continuable-cache/-/continuable-cache-0.3.1.tgz",
      "integrity": "sha1-vXJ6f67XfnH/OYWskzUakSczrQ8="
    },
    "depd": {
      "version": "1.1.2",
      "resolved": "https://registry.npmjs.org/depd/-/depd-1.1.2.tgz",
      "integrity": "sha1-m81S4UwJd2PnSbJ0xDRu0uVgtak="
    },
    "error": {
      "version": "7.2.1",
      "resolved": "https://registry.npmjs.org/error/-/error-7.2.1.tgz",
      "integrity": "sha512-fo9HBvWnx3NGUKMvMwB/CBCMMrfEJgbDTVDEkPygA3Bdd3lM1OyCd+rbQ8BwnpF6GdVeOLDNmyL4N5Bg80ZvdA==",
      "requires": {
        "string-template": "~0.2.1"
      }
    },
    "fs-extra": {
      "version": "10.0.0",
      "resolved": "https://registry.npmjs.org/fs-extra/-/fs-extra-10.0.0.tgz",
      "integrity": "sha512-C5owb14u9eJwizKGdchcDUQeFtlSHHthBk8pbX9Vc1PFZrLombudjDnNns88aYslCyF6IY5SUw3Roz6xShcEIQ==",
      "requires": {
        "graceful-fs": "^4.2.0",
        "jsonfile": "^6.0.1",
        "universalify": "^2.0.0"
      }
    },
    "function-bind": {
      "version": "1.1.1",
      "resolved": "https://registry.npmjs.org/function-bind/-/function-bind-1.1.1.tgz",
      "integrity": "sha512-yIovAzMX49sF8Yl58fSCWJ5svSLuaibPxXQJFLmBObTuCr0Mf1KiPopGM9NiFjiYBCbfaa2Fh6breQ6ANVTI0A=="
    },
    "get-intrinsic": {
      "version": "1.1.1",
      "resolved": "https://registry.npmjs.org/get-intrinsic/-/get-intrinsic-1.1.1.tgz",
      "integrity": "sha512-kWZrnVM42QCiEA2Ig1bG8zjoIMOgxWwYCEeNdwY6Tv/cOSeGpcoX4pXHfKUxNKVoArnrEr2e9srnAxxGIraS9Q==",
      "requires": {
        "function-bind": "^1.1.1",
        "has": "^1.0.3",
        "has-symbols": "^1.0.1"
      }
    },
    "graceful-fs": {
      "version": "4.2.6",
      "resolved": "https://registry.npmjs.org/graceful-fs/-/graceful-fs-4.2.6.tgz",
      "integrity": "sha512-nTnJ528pbqxYanhpDYsi4Rd8MAeaBA67+RZ10CM1m3bTAVFEDcd5AuA4a6W5YkGZ1iNXHzZz8T6TBKLeBuNriQ=="
    },
    "has": {
      "version": "1.0.3",
      "resolved": "https://registry.npmjs.org/has/-/has-1.0.3.tgz",
      "integrity": "sha512-f2dvO0VU6Oej7RkWJGrehjbzMAjFp5/VKPp5tTpWIV4JHHZK1/BxbFRtf/siA2SWTe09caDmVtYYzWEIbBS4zw==",
      "requires": {
        "function-bind": "^1.1.1"
      }
    },
    "has-symbols": {
      "version": "1.0.2",
      "resolved": "https://registry.npmjs.org/has-symbols/-/has-symbols-1.0.2.tgz",
      "integrity": "sha512-chXa79rL/UC2KlX17jo3vRGz0azaWEx5tGqZg5pO3NUyEJVB17dMruQlzCCOfUvElghKcm5194+BCRvi2Rv/Gw=="
    },
    "http-errors": {
      "version": "1.8.0",
      "resolved": "https://registry.npmjs.org/http-errors/-/http-errors-1.8.0.tgz",
      "integrity": "sha512-4I8r0C5JDhT5VkvI47QktDW75rNlGVsUf/8hzjCC/wkWI/jdTRmBb9aI7erSG82r1bjKY3F6k28WnsVxB1C73A==",
      "requires": {
        "depd": "~1.1.2",
        "inherits": "2.0.4",
        "setprototypeof": "1.2.0",
        "statuses": ">= 1.5.0 < 2",
        "toidentifier": "1.0.0"
      }
    },
    "inherits": {
      "version": "2.0.4",
      "resolved": "https://registry.npmjs.org/inherits/-/inherits-2.0.4.tgz",
      "integrity": "sha512-k/vGaX4/Yla3WzyMCvTQOXYeIHvqOKtnqBduzTHpzpQZzAskKMhZ2K+EnBiSM9zGSoIFeMpXKxa4dYeZIQqewQ=="
    },
    "js-yaml": {
      "version": "4.1.0",
      "resolved": "https://registry.npmjs.org/js-yaml/-/js-yaml-4.1.0.tgz",
      "integrity": "sha512-wpxZs9NoxZaJESJGIZTyDEaYpl0FKSA+FB9aJiyemKhMwkxQg63h4T1KJgUGHpTqPDNRcmmYLugrRjJlBtWvRA==",
      "requires": {
        "argparse": "^2.0.1"
      }
    },
    "jsonfile": {
      "version": "6.1.0",
      "resolved": "https://registry.npmjs.org/jsonfile/-/jsonfile-6.1.0.tgz",
      "integrity": "sha512-5dgndWOriYSm5cnYaJNhalLNDKOqFwyDB/rr1E9ZsGciGvKPs8R2xYGCacuf3z6K1YKDz182fd+fY3cn3pMqXQ==",
      "requires": {
        "graceful-fs": "^4.1.6",
        "universalify": "^2.0.0"
      }
    },
    "object-inspect": {
      "version": "1.10.3",
      "resolved": "https://registry.npmjs.org/object-inspect/-/object-inspect-1.10.3.tgz",
      "integrity": "sha512-e5mCJlSH7poANfC8z8S9s9S2IN5/4Zb3aZ33f5s8YqoazCFzNLloLU8r5VCG+G7WoqLvAAZoVMcy3tp/3X0Plw=="
    },
    "path-to-regexp": {
      "version": "6.2.0",
      "resolved": "https://registry.npmjs.org/path-to-regexp/-/path-to-regexp-6.2.0.tgz",
      "integrity": "sha512-f66KywYG6+43afgE/8j/GoiNyygk/bnoCbps++3ErRKsIYkGGupyv07R2Ok5m9i67Iqc+T2g1eAUGUPzWhYTyg=="
    },
    "qs": {
      "version": "6.10.1",
      "resolved": "https://registry.npmjs.org/qs/-/qs-6.10.1.tgz",
      "integrity": "sha512-M528Hph6wsSVOBiYUnGf+K/7w0hNshs/duGsNXPUCLH5XAqjEtiPGwNONLV0tBH8NoGb0mvD5JubnUTrujKDTg==",
      "requires": {
        "side-channel": "^1.0.4"
      }
    },
    "raw-body": {
      "version": "1.1.7",
      "resolved": "https://registry.npmjs.org/raw-body/-/raw-body-1.1.7.tgz",
      "integrity": "sha1-HQJ8K/oRasxmI7yo8AAWVyqH1CU=",
      "requires": {
        "bytes": "1",
        "string_decoder": "0.10"
      }
    },
    "safe-json-parse": {
      "version": "1.0.1",
      "resolved": "https://registry.npmjs.org/safe-json-parse/-/safe-json-parse-1.0.1.tgz",
      "integrity": "sha1-PnZyPjjf3aE8mx0poeB//uSzC1c="
    },
    "setprototypeof": {
      "version": "1.2.0",
      "resolved": "https://registry.npmjs.org/setprototypeof/-/setprototypeof-1.2.0.tgz",
      "integrity": "sha512-E5LDX7Wrp85Kil5bhZv46j8jOeboKq5JMmYM3gVGdGH8xFpPWXUMsNrlODCrkoxMEeNi/XZIwuRvY4XNwYMJpw=="
    },
    "side-channel": {
      "version": "1.0.4",
      "resolved": "https://registry.npmjs.org/side-channel/-/side-channel-1.0.4.tgz",
      "integrity": "sha512-q5XPytqFEIKHkGdiMIrY10mvLRvnQh42/+GoBlFW3b2LXLE2xxJpZFdm94we0BaoV3RwJyGqg5wS7epxTv0Zvw==",
      "requires": {
        "call-bind": "^1.0.0",
        "get-intrinsic": "^1.0.2",
        "object-inspect": "^1.9.0"
      }
    },
    "statuses": {
      "version": "1.5.0",
      "resolved": "https://registry.npmjs.org/statuses/-/statuses-1.5.0.tgz",
      "integrity": "sha1-Fhx9rBd2Wf2YEfQ3cfqZOBR4Yow="
    },
    "string_decoder": {
      "version": "0.10.31",
      "resolved": "https://registry.npmjs.org/string_decoder/-/string_decoder-0.10.31.tgz",
      "integrity": "sha1-YuIDvEF2bGwoyfyEMB2rHFMQ+pQ="
    },
    "string-template": {
      "version": "0.2.1",
      "resolved": "https://registry.npmjs.org/string-template/-/string-template-0.2.1.tgz",
      "integrity": "sha1-QpMuWYo1LQH8IuwzZ9nYTuxsmt0="
    },
    "toidentifier": {
      "version": "1.0.0",
      "resolved": "https://registry.npmjs.org/toidentifier/-/toidentifier-1.0.0.tgz",
      "integrity": "sha512-yaOH/Pk/VEhBWWTlhI+qXxDFXlejDGcQipMlyxda9nthulaxLZUNcUqFxokp0vcYnvteJln5FNQDRrxj3YcbVw=="
    },
    "universalify": {
      "version": "2.0.0",
      "resolved": "https://registry.npmjs.org/universalify/-/universalify-2.0.0.tgz",
      "integrity": "sha512-hAZsKq7Yy11Zu1DE0OzWjw7nnLZmJZYTDZZyEFHZdUhV8FkH5MCfoU1XMaxXovpyW5nq5scPqq0ZDP9Zyl04oQ=="
    }
  }
}
